
Microsoft Visual Studio Solution File, Format Version 12.00
# Visual Studio Version 16
VisualStudioVersion = 16.0.30523.141
MinimumVisualStudioVersion = 10.0.40219.1
Project("{8BC9CEB8-8B4A-11D0-8D11-00A0C91BC942}") = "raytracing", "raytracing.vcxproj", "{62286A27-4046-4EBE-9861-762BA3FEE333}"
EndProject
Global
	GlobalSection(SolutionConfigurationPlatforms) = preSolution
		Debug|x64 = Debug|x64
		Debug|x86 = Debug|x86
		Release|x64 = Release|x64
		Release|x86 = Release|x86
	EndGlobalSection
	GlobalSection(ProjectConfigurationPlatforms) = postSolution
		{62286A27-4046-4EBE-9861-762BA3FEE333}.Debug|x64.ActiveCfg = Debug|x64
		{62286A27-4046-4EBE-9861-762BA3FEE333}.Debug|x64.Build.0 = Debug|x64
		{62286A27-4046-4EBE-9861-762BA3FEE333}.Debug|x86.ActiveCfg = Debug|Win32
		{62286A27-4046-4EBE-9861-762BA3FEE333}.Debug|x86.Build.0 = Debug|Win32
		{62286A27-4046-4EBE-9861-762BA3FEE333}.Release|x64.ActiveCfg = Release|x64
		{62286A27-4046-4EBE-9861-762BA3FEE333}.Release|x64.Build.0 = Release|x64
		{62286A27-4046-4EBE-9861-762BA3FEE333}.Release|x86.ActiveCfg = Release|Win32
		{62286A27-4046-4EBE-9861-762BA3FEE333}.Release|x86.Build.0 = Release|Win32
	EndGlobalSection
	GlobalSection(SolutionProperties) = preSolution
		HideSolutionNode = FALSE
	EndGlobalSection
	GlobalSection(ExtensibilityGlobals) = postSolution
		SolutionGuid = {B7E292C5-0153-4B3A-9931-3A2E263956EC}
	EndGlobalSection
EndGlobal
